
Microsoft Visual Studio Solution File, Format Version 12.00
# Visual Studio Version 16
VisualStudioVersion = 16.0.30011.22
MinimumVisualStudioVersion = 10.0.40219.1
Project("{9A19103F-16F7-4668-BE54-9A1E7A4F7556}") = "HND", "WebSite\HND.csproj", "{47F58742-A866-49D1-94A4-0090C666F32E}"
EndProject
Global
	GlobalSection(SolutionConfigurationPlatforms) = preSolution
		Debug|Any CPU = Debug|Any CPU
		Release|Any CPU = Release|Any CPU
	EndGlobalSection
	GlobalSection(ProjectConfigurationPlatforms) = postSolution
		{47F58742-A866-49D1-94A4-0090C666F32E}.Debug|Any CPU.ActiveCfg = Debug|Any CPU
		{47F58742-A866-49D1-94A4-0090C666F32E}.Debug|Any CPU.Build.0 = Debug|Any CPU
		{47F58742-A866-49D1-94A4-0090C666F32E}.Release|Any CPU.ActiveCfg = Release|Any CPU
		{47F58742-A866-49D1-94A4-0090C666F32E}.Release|Any CPU.Build.0 = Release|Any CPU
	EndGlobalSection
	GlobalSection(SolutionProperties) = preSolution
		HideSolutionNode = FALSE
	EndGlobalSection
	GlobalSection(ExtensibilityGlobals) = postSolution
		SolutionGuid = {A719C94E-743F-433D-BD3E-20B9F7FA9945}
	EndGlobalSection
EndGlobal
